
Microsoft Visual Studio Solution File, Format Version 12.00
# Visual Studio Version 16
VisualStudioVersion = 16.0.32407.337
MinimumVisualStudioVersion = 10.0.40219.1
Project("{2150E333-8FDC-42A3-9474-1A3956D46DE8}") = "Application", "Application", "{32EBAC4D-E29F-4455-9E2F-6AAAA9DB5DB7}"
EndProject
Project("{2150E333-8FDC-42A3-9474-1A3956D46DE8}") = "Domain", "Domain", "{4BD3A131-7188-418B-A90B-F2BD919A1BAB}"
EndProject
Project("{2150E333-8FDC-42A3-9474-1A3956D46DE8}") = "Infra.IoC", "Infra.IoC", "{41615D10-5147-469F-AA34-B47B3E2678A6}"
EndProject
Project("{2150E333-8FDC-42A3-9474-1A3956D46DE8}") = "Infra.Data", "Infra.Data", "{DDE63FB2-9E32-4DF0-9E4B-9BC19FC7C91B}"
EndProject
Project("{2150E333-8FDC-42A3-9474-1A3956D46DE8}") = "Presentation", "Presentation", "{17EDD780-8B23-4C9F-B4F9-EDF16B26FDE1}"
EndProject
Project("{9A19103F-16F7-4668-BE54-9A1E7A4F7556}") = "CleanArch.Mvc", "CleanArch.Mvc\CleanArch.Mvc.csproj", "{3B1102E8-E75B-4071-9979-D65B00F4B397}"
EndProject
Project("{9A19103F-16F7-4668-BE54-9A1E7A4F7556}") = "CleanArch.Domain", "CleanArch.Domain\CleanArch.Domain.csproj", "{E17CC70E-3A79-403F-8B8F-FC53C1B55468}"
EndProject
Project("{9A19103F-16F7-4668-BE54-9A1E7A4F7556}") = "CleanArch.Infra.Data", "CleanArch.Infra.Data\CleanArch.Infra.Data.csproj", "{6DF910D1-53AE-45D6-9D80-D02682CCAD6A}"
EndProject
Project("{9A19103F-16F7-4668-BE54-9A1E7A4F7556}") = "CleanArch.Application", "CleanArch.Application\CleanArch.Application.csproj", "{0A602A8C-62FC-40B2-9A79-425E3887F065}"
EndProject
Project("{9A19103F-16F7-4668-BE54-9A1E7A4F7556}") = "CleanArch.Infra.IoC", "CleanArch.Infra.IoC\CleanArch.Infra.IoC.csproj", "{50DF4BD1-6D68-48EB-A98F-EFE3620881ED}"
EndProject
Project("{2150E333-8FDC-42A3-9474-1A3956D46DE8}") = "Infra.Bus", "Infra.Bus", "{DCB96694-C3C0-41AB-87C1-0C7E8D111498}"
EndProject
Project("{2150E333-8FDC-42A3-9474-1A3956D46DE8}") = "Api", "Api", "{28A78CD1-4E0F-4370-91DF-7FA1285DA936}"
EndProject
Global
	GlobalSection(SolutionConfigurationPlatforms) = preSolution
		Debug|Any CPU = Debug|Any CPU
		Release|Any CPU = Release|Any CPU
	EndGlobalSection
	GlobalSection(ProjectConfigurationPlatforms) = postSolution
		{3B1102E8-E75B-4071-9979-D65B00F4B397}.Debug|Any CPU.ActiveCfg = Debug|Any CPU
		{3B1102E8-E75B-4071-9979-D65B00F4B397}.Debug|Any CPU.Build.0 = Debug|Any CPU
		{3B1102E8-E75B-4071-9979-D65B00F4B397}.Release|Any CPU.ActiveCfg = Release|Any CPU
		{3B1102E8-E75B-4071-9979-D65B00F4B397}.Release|Any CPU.Build.0 = Release|Any CPU
		{E17CC70E-3A79-403F-8B8F-FC53C1B55468}.Debug|Any CPU.ActiveCfg = Debug|Any CPU
		{E17CC70E-3A79-403F-8B8F-FC53C1B55468}.Debug|Any CPU.Build.0 = Debug|Any CPU
		{E17CC70E-3A79-403F-8B8F-FC53C1B55468}.Release|Any CPU.ActiveCfg = Release|Any CPU
		{E17CC70E-3A79-403F-8B8F-FC53C1B55468}.Release|Any CPU.Build.0 = Release|Any CPU
		{6DF910D1-53AE-45D6-9D80-D02682CCAD6A}.Debug|Any CPU.ActiveCfg = Debug|Any CPU
		{6DF910D1-53AE-45D6-9D80-D02682CCAD6A}.Debug|Any CPU.Build.0 = Debug|Any CPU
		{6DF910D1-53AE-45D6-9D80-D02682CCAD6A}.Release|Any CPU.ActiveCfg = Release|Any CPU
		{6DF910D1-53AE-45D6-9D80-D02682CCAD6A}.Release|Any CPU.Build.0 = Release|Any CPU
		{0A602A8C-62FC-40B2-9A79-425E3887F065}.Debug|Any CPU.ActiveCfg = Debug|Any CPU
		{0A602A8C-62FC-40B2-9A79-425E3887F065}.Debug|Any CPU.Build.0 = Debug|Any CPU
		{0A602A8C-62FC-40B2-9A79-425E3887F065}.Release|Any CPU.ActiveCfg = Release|Any CPU
		{0A602A8C-62FC-40B2-9A79-425E3887F065}.Release|Any CPU.Build.0 = Release|Any CPU
		{50DF4BD1-6D68-48EB-A98F-EFE3620881ED}.Debug|Any CPU.ActiveCfg = Debug|Any CPU
		{50DF4BD1-6D68-48EB-A98F-EFE3620881ED}.Debug|Any CPU.Build.0 = Debug|Any CPU
		{50DF4BD1-6D68-48EB-A98F-EFE3620881ED}.Release|Any CPU.ActiveCfg = Release|Any CPU
		{50DF4BD1-6D68-48EB-A98F-EFE3620881ED}.Release|Any CPU.Build.0 = Release|Any CPU
	EndGlobalSection
	GlobalSection(SolutionProperties) = preSolution
		HideSolutionNode = FALSE
	EndGlobalSection
	GlobalSection(NestedProjects) = preSolution
		{3B1102E8-E75B-4071-9979-D65B00F4B397} = {17EDD780-8B23-4C9F-B4F9-EDF16B26FDE1}
		{E17CC70E-3A79-403F-8B8F-FC53C1B55468} = {4BD3A131-7188-418B-A90B-F2BD919A1BAB}
		{6DF910D1-53AE-45D6-9D80-D02682CCAD6A} = {DDE63FB2-9E32-4DF0-9E4B-9BC19FC7C91B}
		{0A602A8C-62FC-40B2-9A79-425E3887F065} = {32EBAC4D-E29F-4455-9E2F-6AAAA9DB5DB7}
		{50DF4BD1-6D68-48EB-A98F-EFE3620881ED} = {41615D10-5147-469F-AA34-B47B3E2678A6}
	EndGlobalSection
	GlobalSection(ExtensibilityGlobals) = postSolution
		SolutionGuid = {E9D4B142-0B23-4AAA-A1CB-02A595ECA085}
	EndGlobalSection
EndGlobal
